// !$*UTF8*$!
{
	archiveVersion = 1;
	classes = {
	};
	objectVersion = 46;
	objects = {

/* Begin PBXBuildFile section */
		111B0FDA1D0633920018D003 /* AppDelegate.swift in Sources */ = {isa = PBXBuildFile; fileRef = 111B0FD91D0633920018D003 /* AppDelegate.swift */; };
		111B0FDC1D0633920018D003 /* ViewController.swift in Sources */ = {isa = PBXBuildFile; fileRef = 111B0FDB1D0633920018D003 /* ViewController.swift */; };
		111B0FDF1D0633920018D003 /* Main.storyboard in Resources */ = {isa = PBXBuildFile; fileRef = 111B0FDD1D0633920018D003 /* Main.storyboard */; };
		111B0FE21D0633920018D003 /* pokedex.xcdatamodeld in Sources */ = {isa = PBXBuildFile; fileRef = 111B0FE01D0633920018D003 /* pokedex.xcdatamodeld */; };
		111B0FE41D0633920018D003 /* Assets.xcassets in Resources */ = {isa = PBXBuildFile; fileRef = 111B0FE31D0633920018D003 /* Assets.xcassets */; };
		111B0FE71D0633920018D003 /* LaunchScreen.storyboard in Resources */ = {isa = PBXBuildFile; fileRef = 111B0FE51D0633920018D003 /* LaunchScreen.storyboard */; };
		111B0FEF1D0638A30018D003 /* pokemon.csv in Resources */ = {isa = PBXBuildFile; fileRef = 111B0FEE1D0638A30018D003 /* pokemon.csv */; };
/* End PBXBuildFile section */

/* Begin PBXFileReference section */
		111B0FD61D0633920018D003 /* pokedex.app */ = {isa = PBXFileReference; explicitFileType = wrapper.application; includeInIndex = 0; path = pokedex.app; sourceTree = BUILT_PRODUCTS_DIR; };
		111B0FD91D0633920018D003 /* AppDelegate.swift */ = {isa = PBXFileReference; lastKnownFileType = sourcecode.swift; path = AppDelegate.swift; sourceTree = "<group>"; };
		111B0FDB1D0633920018D003 /* ViewController.swift */ = {isa = PBXFileReference; lastKnownFileType = sourcecode.swift; path = ViewController.swift; sourceTree = "<group>"; };
		111B0FDE1D0633920018D003 /* Base */ = {isa = PBXFileReference; lastKnownFileType = file.storyboard; name = Base; path = Base.lproj/Main.storyboard; sourceTree = "<group>"; };
		111B0FE11D0633920018D003 /* pokedex.xcdatamodel */ = {isa = PBXFileReference; lastKnownFileType = wrapper.xcdatamodel; path = pokedex.xcdatamodel; sourceTree = "<group>"; };
		111B0FE31D0633920018D003 /* Assets.xcassets */ = {isa = PBXFileReference; lastKnownFileType = folder.assetcatalog; path = Assets.xcassets; sourceTree = "<group>"; };
		111B0FE61D0633920018D003 /* Base */ = {isa = PBXFileReference; lastKnownFileType = file.storyboard; name = Base; path = Base.lproj/LaunchScreen.storyboard; sourceTree = "<group>"; };
		111B0FE81D0633920018D003 /* Info.plist */ = {isa = PBXFileReference; lastKnownFileType = text.plist.xml; path = Info.plist; sourceTree = "<group>"; };
		111B0FEE1D0638A30018D003 /* pokemon.csv */ = {isa = PBXFileReference; fileEncoding = 4; lastKnownFileType = text; path = pokemon.csv; sourceTree = "<group>"; };
/* End PBXFileReference section */

/* Begin PBXFrameworksBuildPhase section */
		111B0FD31D0633920018D003 /* Frameworks */ = {
			isa = PBXFrameworksBuildPhase;
			buildActionMask = 2147483647;
			files = (
			);
			runOnlyForDeploymentPostprocessing = 0;
		};
/* End PBXFrameworksBuildPhase section */

/* Begin PBXGroup section */
		111B0FCD1D0633920018D003 = {
			isa = PBXGroup;
			children = (
				111B0FD81D0633920018D003 /* pokedex */,
				111B0FD71D0633920018D003 /* Products */,
			);
			sourceTree = "<group>";
		};
		111B0FD71D0633920018D003 /* Products */ = {
			isa = PBXGroup;
			children = (
				111B0FD61D0633920018D003 /* pokedex.app */,
			);
			name = Products;
			sourceTree = "<group>";
		};
		111B0FD81D0633920018D003 /* pokedex */ = {
			isa = PBXGroup;
			children = (
				111B0FEE1D0638A30018D003 /* pokemon.csv */,
				111B0FD91D0633920018D003 /* AppDelegate.swift */,
				111B0FDB1D0633920018D003 /* ViewController.swift */,
				111B0FDD1D0633920018D003 /* Main.storyboard */,
				111B0FE31D0633920018D003 /* Assets.xcassets */,
				111B0FE51D0633920018D003 /* LaunchScreen.storyboard */,
				111B0FE81D0633920018D003 /* Info.plist */,
				111B0FE01D0633920018D003 /* pokedex.xcdatamodeld */,
			);
			path = pokedex;
			sourceTree = "<group>";
		};
/* End PBXGroup section */

/* Begin PBXNativeTarget section */
		111B0FD51D0633920018D003 /* pokedex */ = {
			isa = PBXNativeTarget;
			buildConfigurationList = 111B0FEB1D0633920018D003 /* Build configuration list for PBXNativeTarget "pokedex" */;
			buildPhases = (
				111B0FD21D0633920018D003 /* Sources */,
				111B0FD31D0633920018D003 /* Frameworks */,
				111B0FD41D0633920018D003 /* Resources */,
			);
			buildRules = (
			);
			dependencies = (
			);
			name = pokedex;
			productName = pokedex;
			productReference = 111B0FD61D0633920018D003 /* pokedex.app */;
			productType = "com.apple.product-type.application";
		};
/* End PBXNativeTarget section */

/* Begin PBXProject section */
		111B0FCE1D0633920018D003 /* Project object */ = {
			isa = PBXProject;
			attributes = {
				LastSwiftUpdateCheck = 0730;
				LastUpgradeCheck = 0730;
				ORGANIZATIONNAME = "Kristoffer Brearton";
				TargetAttributes = {
					111B0FD51D0633920018D003 = {
						CreatedOnToolsVersion = 7.3.1;
					};
				};
			};
			buildConfigurationList = 111B0FD11D0633920018D003 /* Build configuration list for PBXProject "pokedex" */;
			compatibilityVersion = "Xcode 3.2";
			developmentRegion = English;
			hasScannedForEncodings = 0;
			knownRegions = (
				en,
				Base,
			);
			mainGroup = 111B0FCD1D0633920018D003;
			productRefGroup = 111B0FD71D0633920018D003 /* Products */;
			projectDirPath = "";
			projectRoot = "";
			targets = (
				111B0FD51D0633920018D003 /* pokedex */,
			);
		};
/* End PBXProject section */

/* Begin PBXResourcesBuildPhase section */
		111B0FD41D0633920018D003 /* Resources */ = {
			isa = PBXResourcesBuildPhase;
			buildActionMask = 2147483647;
			files = (
				111B0FE71D0633920018D003 /* LaunchScreen.storyboard in Resources */,
				111B0FE41D0633920018D003 /* Assets.xcassets in Resources */,
				111B0FEF1D0638A30018D003 /* pokemon.csv in Resources */,
				111B0FDF1D0633920018D003 /* Main.storyboard in Resources */,
			);
			runOnlyForDeploymentPostprocessing = 0;
		};
/* End PBXResourcesBuildPhase section */

/* Begin PBXSourcesBuildPhase section */
		111B0FD21D0633920018D003 /* Sources */ = {
			isa = PBXSourcesBuildPhase;
			buildActionMask = 2147483647;
			files = (
				111B0FE21D0633920018D003 /* pokedex.xcdatamodeld in Sources */,
				111B0FDC1D0633920018D003 /* ViewController.swift in Sources */,
				111B0FDA1D0633920018D003 /* AppDelegate.swift in Sources */,
			);
			runOnlyForDeploymentPostprocessing = 0;
		};
/* End PBXSourcesBuildPhase section */

/* Begin PBXVariantGroup section */
		111B0FDD1D0633920018D003 /* Main.storyboard */ = {
			isa = PBXVariantGroup;
			children = (
				111B0FDE1D0633920018D003 /* Base */,
			);
			name = Main.storyboard;
			sourceTree = "<group>";
		};
		111B0FE51D0633920018D003 /* LaunchScreen.storyboard */ = {
			isa = PBXVariantGroup;
			children = (
				111B0FE61D0633920018D003 /* Base */,
			);
			name = LaunchScreen.storyboard;
			sourceTree = "<group>";
		};
/* End PBXVariantGroup section */

/* Begin XCBuildConfiguration section */
		111B0FE91D0633920018D003 /* Debug */ = {
			isa = XCBuildConfiguration;
			buildSettings = {
				ALWAYS_SEARCH_USER_PATHS = NO;
				CLANG_ANALYZER_NONNULL = YES;
				CLANG_CXX_LANGUAGE_STANDARD = "gnu++0x";
				CLANG_CXX_LIBRARY = "libc++";
				CLANG_ENABLE_MODULES = YES;
				CLANG_ENABLE_OBJC_ARC = YES;
				CLANG_WARN_BOOL_CONVERSION = YES;
				CLANG_WARN_CONSTANT_CONVERSION = YES;
				CLANG_WARN_DIRECT_OBJC_ISA_USAGE = YES_ERROR;
				CLANG_WARN_EMPTY_BODY = YES;
				CLANG_WARN_ENUM_CONVERSION = YES;
				CLANG_WARN_INT_CONVERSION = YES;
				CLANG_WARN_OBJC_ROOT_CLASS = YES_ERROR;
				CLANG_WARN_UNREACHABLE_CODE = YES;
				CLANG_WARN__DUPLICATE_METHOD_MATCH = YES;
				"CODE_SIGN_IDENTITY[sdk=iphoneos*]" = "iPhone Developer";
				COPY_PHASE_STRIP = NO;
				DEBUG_INFORMATION_FORMAT = dwarf;
				ENABLE_STRICT_OBJC_MSGSEND = YES;
				ENABLE_TESTABILITY = YES;
				GCC_C_LANGUAGE_STANDARD = gnu99;
				GCC_DYNAMIC_NO_PIC = NO;
				GCC_NO_COMMON_BLOCKS = YES;
				GCC_OPTIMIZATION_LEVEL = 0;
				GCC_PREPROCESSOR_DEFINITIONS = (
					"DEBUG=1",
					"$(inherited)",
				);
				GCC_WARN_64_TO_32_BIT_CONVERSION = YES;
				GCC_WARN_ABOUT_RETURN_TYPE = YES_ERROR;
				GCC_WARN_UNDECLARED_SELECTOR = YES;
				GCC_WARN_UNINITIALIZED_AUTOS = YES_AGGRESSIVE;
				GCC_WARN_UNUSED_FUNCTION = YES;
				GCC_WARN_UNUSED_VARIABLE = YES;
				IPHONEOS_DEPLOYMENT_TARGET = 9.3;
				MTL_ENABLE_DEBUG_INFO = YES;
				ONLY_ACTIVE_ARCH = YES;
				SDKROOT = iphoneos;
				SWIFT_OPTIMIZATION_LEVEL = "-Onone";
				TARGETED_DEVICE_FAMILY = "1,2";
			};
			name = Debug;
		};
		111B0FEA1D0633920018D003 /* Release */ = {
			isa = XCBuildConfiguration;
			buildSettings = {
				ALWAYS_SEARCH_USER_PATHS = NO;
				CLANG_ANALYZER_NONNULL = YES;
				CLANG_CXX_LANGUAGE_STANDARD = "gnu++0x";
				CLANG_CXX_LIBRARY = "libc++";
				CLANG_ENABLE_MODULES = YES;
				CLANG_ENABLE_OBJC_ARC = YES;
				CLANG_WARN_BOOL_CONVERSION = YES;
				CLANG_WARN_CONSTANT_CONVERSION = YES;
				CLANG_WARN_DIRECT_OBJC_ISA_USAGE = YES_ERROR;
				CLANG_WARN_EMPTY_BODY = YES;
				CLANG_WARN_ENUM_CONVERSION = YES;
				CLANG_WARN_INT_CONVERSION = YES;
				CLANG_WARN_OBJC_ROOT_CLASS = YES_ERROR;
				CLANG_WARN_UNREACHABLE_CODE = YES;
				CLANG_WARN__DUPLICATE_METHOD_MATCH = YES;
				"CODE_SIGN_IDENTITY[sdk=iphoneos*]" = "iPhone Developer";
				COPY_PHASE_STRIP = NO;
				DEBUG_INFORMATION_FORMAT = "dwarf-with-dsym";
				ENABLE_NS_ASSERTIONS = NO;
				ENABLE_STRICT_OBJC_MSGSEND = YES;
				GCC_C_LANGUAGE_STANDARD = gnu99;
				GCC_NO_COMMON_BLOCKS = YES;
				GCC_WARN_64_TO_32_BIT_CONVERSION = YES;
				GCC_WARN_ABOUT_RETURN_TYPE = YES_ERROR;
				GCC_WARN_UNDECLARED_SELECTOR = YES;
				GCC_WARN_UNINITIALIZED_AUTOS = YES_AGGRESSIVE;
				GCC_WARN_UNUSED_FUNCTION = YES;
				GCC_WARN_UNUSED_VARIABLE = YES;
				IPHONEOS_DEPLOYMENT_TARGET = 9.3;
				MTL_ENABLE_DEBUG_INFO = NO;
				SDKROOT = iphoneos;
				TARGETED_DEVICE_FAMILY = "1,2";
				VALIDATE_PRODUCT = YES;
			};
			name = Release;
		};
		111B0FEC1D0633920018D003 /* Debug */ = {
			isa = XCBuildConfiguration;
			buildSettings = {
				ASSETCATALOG_COMPILER_APPICON_NAME = AppIcon;
				INFOPLIST_FILE = pokedex/Info.plist;
				LD_RUNPATH_SEARCH_PATHS = "$(inherited) @executable_path/Frameworks";
				PRODUCT_BUNDLE_IDENTIFIER = com.krisb.pokedex;
				PRODUCT_NAME = "$(TARGET_NAME)";
			};
			name = Debug;
		};
		111B0FED1D0633920018D003 /* Release */ = {
			isa = XCBuildConfiguration;
			buildSettings = {
				ASSETCATALOG_COMPILER_APPICON_NAME = AppIcon;
				INFOPLIST_FILE = pokedex/Info.plist;
				LD_RUNPATH_SEARCH_PATHS = "$(inherited) @executable_path/Frameworks";
				PRODUCT_BUNDLE_IDENTIFIER = com.krisb.pokedex;
				PRODUCT_NAME = "$(TARGET_NAME)";
			};
			name = Release;
		};
/* End XCBuildConfiguration section */

/* Begin XCConfigurationList section */
		111B0FD11D0633920018D003 /* Build configuration list for PBXProject "pokedex" */ = {
			isa = XCConfigurationList;
			buildConfigurations = (
				111B0FE91D0633920018D003 /* Debug */,
				111B0FEA1D0633920018D003 /* Release */,
			);
			defaultConfigurationIsVisible = 0;
			defaultConfigurationName = Release;
		};
		111B0FEB1D0633920018D003 /* Build configuration list for PBXNativeTarget "pokedex" */ = {
			isa = XCConfigurationList;
			buildConfigurations = (
				111B0FEC1D0633920018D003 /* Debug */,
				111B0FED1D0633920018D003 /* Release */,
			);
			defaultConfigurationIsVisible = 0;
		};
/* End XCConfigurationList section */

/* Begin XCVersionGroup section */
		111B0FE01D0633920018D003 /* pokedex.xcdatamodeld */ = {
			isa = XCVersionGroup;
			children = (
				111B0FE11D0633920018D003 /* pokedex.xcdatamodel */,
			);
			currentVersion = 111B0FE11D0633920018D003 /* pokedex.xcdatamodel */;
			path = pokedex.xcdatamodeld;
			sourceTree = "<group>";
			versionGroupType = wrapper.xcdatamodel;
		};
/* End XCVersionGroup section */
	};
	rootObject = 111B0FCE1D0633920018D003 /* Project object */;
}
